
Microsoft Visual Studio Solution File, Format Version 12.00
# Visual Studio Version 16
VisualStudioVersion = 16.0.30803.129
MinimumVisualStudioVersion = 10.0.40219.1
Project("{FAE04EC0-301F-11D3-BF4B-00C04F79EFBC}") = "Placovu.WebSite", "Placovu.WebSite\Placovu.WebSite.csproj", "{636F8612-7256-4584-B36B-8499164FDF9D}"
EndProject
Global
	GlobalSection(SolutionConfigurationPlatforms) = preSolution
		Debug|Any CPU = Debug|Any CPU
		Release|Any CPU = Release|Any CPU
	EndGlobalSection
	GlobalSection(ProjectConfigurationPlatforms) = postSolution
		{636F8612-7256-4584-B36B-8499164FDF9D}.Debug|Any CPU.ActiveCfg = Debug|Any CPU
		{636F8612-7256-4584-B36B-8499164FDF9D}.Debug|Any CPU.Build.0 = Debug|Any CPU
		{636F8612-7256-4584-B36B-8499164FDF9D}.Release|Any CPU.ActiveCfg = Release|Any CPU
		{636F8612-7256-4584-B36B-8499164FDF9D}.Release|Any CPU.Build.0 = Release|Any CPU
	EndGlobalSection
	GlobalSection(SolutionProperties) = preSolution
		HideSolutionNode = FALSE
	EndGlobalSection
	GlobalSection(ExtensibilityGlobals) = postSolution
		SolutionGuid = {603BB6E2-7AA4-4437-B5DD-3289E85AFE20}
	EndGlobalSection
EndGlobal
